
Microsoft Visual Studio Solution File, Format Version 10.00
# Visual Studio 2008
Project("{8BC9CEB8-8B4A-11D0-8D11-00A0C91BC942}") = "Q-Morph2", "Q-Morph2\Q-Morph2.vcproj", "{F0C45CC5-6394-44BB-BDBC-14AF0ED2A9F9}"
EndProject
Global
	GlobalSection(SolutionConfigurationPlatforms) = preSolution
		Debug|Win32 = Debug|Win32
		Release|Win32 = Release|Win32
	EndGlobalSection
	GlobalSection(ProjectConfigurationPlatforms) = postSolution
		{F0C45CC5-6394-44BB-BDBC-14AF0ED2A9F9}.Debug|Win32.ActiveCfg = Debug|Win32
		{F0C45CC5-6394-44BB-BDBC-14AF0ED2A9F9}.Debug|Win32.Build.0 = Debug|Win32
		{F0C45CC5-6394-44BB-BDBC-14AF0ED2A9F9}.Release|Win32.ActiveCfg = Release|Win32
		{F0C45CC5-6394-44BB-BDBC-14AF0ED2A9F9}.Release|Win32.Build.0 = Release|Win32
	EndGlobalSection
	GlobalSection(SolutionProperties) = preSolution
		HideSolutionNode = FALSE
	EndGlobalSection
EndGlobal
